
Microsoft Visual Studio Solution File, Format Version 12.00
# Visual Studio 15
VisualStudioVersion = 15.0.28307.136
MinimumVisualStudioVersion = 10.0.40219.1
Project("{FAE04EC0-301F-11D3-BF4B-00C04F79EFBC}") = "JimRPG", "JimRPG\JimRPG.csproj", "{56B3E3EE-D772-4BB3-AAC4-C293F085C1A7}"
EndProject
Global
	GlobalSection(SolutionConfigurationPlatforms) = preSolution
		Debug|Any CPU = Debug|Any CPU
		Release|Any CPU = Release|Any CPU
	EndGlobalSection
	GlobalSection(ProjectConfigurationPlatforms) = postSolution
		{56B3E3EE-D772-4BB3-AAC4-C293F085C1A7}.Debug|Any CPU.ActiveCfg = Debug|Any CPU
		{56B3E3EE-D772-4BB3-AAC4-C293F085C1A7}.Debug|Any CPU.Build.0 = Debug|Any CPU
		{56B3E3EE-D772-4BB3-AAC4-C293F085C1A7}.Release|Any CPU.ActiveCfg = Release|Any CPU
		{56B3E3EE-D772-4BB3-AAC4-C293F085C1A7}.Release|Any CPU.Build.0 = Release|Any CPU
	EndGlobalSection
	GlobalSection(SolutionProperties) = preSolution
		HideSolutionNode = FALSE
	EndGlobalSection
	GlobalSection(ExtensibilityGlobals) = postSolution
		SolutionGuid = {5EC5CF81-DD6C-4DD2-A199-12C0478B5241}
	EndGlobalSection
EndGlobal
